
Microsoft Visual Studio Solution File, Format Version 12.00
# Visual Studio 2012
Project("{FAE04EC0-301F-11D3-BF4B-00C04F79EFBC}") = "Domain", "src\Domain\Domain.csproj", "{C188A45B-368E-43DB-A971-7DB00E73A539}"
EndProject
Project("{FAE04EC0-301F-11D3-BF4B-00C04F79EFBC}") = "Web", "src\Web\Web.csproj", "{47607EA5-4205-4A72-85C3-1FB67FE1E994}"
EndProject
Project("{FAE04EC0-301F-11D3-BF4B-00C04F79EFBC}") = "Service", "src\Service\Service.csproj", "{70B628CC-DCA7-4965-A23C-B92D68507C9A}"
EndProject
Project("{FAE04EC0-301F-11D3-BF4B-00C04F79EFBC}") = "Customers", "src\Customers\Customers.csproj", "{285CD6AB-B8CE-4B90-8130-9835B6D69C5E}"
EndProject
Project("{FAE04EC0-301F-11D3-BF4B-00C04F79EFBC}") = "Test.Customers", "src\Test.Customers\Test.Customers.csproj", "{30284869-F7E2-48C8-8015-27C4BA56385F}"
	ProjectSection(ProjectDependencies) = postProject
		{285CD6AB-B8CE-4B90-8130-9835B6D69C5E} = {285CD6AB-B8CE-4B90-8130-9835B6D69C5E}
		{70B628CC-DCA7-4965-A23C-B92D68507C9A} = {70B628CC-DCA7-4965-A23C-B92D68507C9A}
	EndProjectSection
EndProject
Project("{2150E333-8FDC-42A3-9474-1A3956D46DE8}") = "Solution Items", "Solution Items", "{C9567B0E-7A99-4AE2-B9BE-23BA0661BE44}"
	ProjectSection(SolutionItems) = preProject
		MasstransitSpike.vsmdi = MasstransitSpike.vsmdi
		TestSettings1.testsettings = TestSettings1.testsettings
	EndProjectSection
EndProject
Project("{2150E333-8FDC-42A3-9474-1A3956D46DE8}") = ".nuget", ".nuget", "{8A6D03BA-82A1-430B-BFE5-A95B46F1663B}"
	ProjectSection(SolutionItems) = preProject
		.nuget\packages.config = .nuget\packages.config
	EndProjectSection
EndProject
Project("{FAE04EC0-301F-11D3-BF4B-00C04F79EFBC}") = "MasstransitSpike.Core", "src\MasstransitSpike.Core\MasstransitSpike.Core.csproj", "{ECDE2C6C-4510-439B-B948-F6DE5B52A486}"
EndProject
Project("{FAE04EC0-301F-11D3-BF4B-00C04F79EFBC}") = "Repositories.MySqlFake", "src\Repositories.MySqlFake\Repositories.MySqlFake.csproj", "{227DB930-CB32-4967-9812-BC8F8378C102}"
EndProject
Project("{FAE04EC0-301F-11D3-BF4B-00C04F79EFBC}") = "Repositories.Mongo", "src\Repositories.Mongo\Repositories.Mongo.csproj", "{09BC83BE-7C36-4E69-A9FA-3C4F01402739}"
EndProject
Project("{2150E333-8FDC-42A3-9474-1A3956D46DE8}") = "SlowCheetah", "SlowCheetah", "{7B79D712-D9F4-44ED-B28E-7AB014F142A1}"
	ProjectSection(SolutionItems) = preProject
		SlowCheetah\SlowCheetah.Tasks.dll = SlowCheetah\SlowCheetah.Tasks.dll
		SlowCheetah\SlowCheetah.Transforms.targets = SlowCheetah\SlowCheetah.Transforms.targets
	EndProjectSection
EndProject
Global
	GlobalSection(TestCaseManagementSettings) = postSolution
		CategoryFile = MasstransitSpike.vsmdi
	EndGlobalSection
	GlobalSection(SolutionConfigurationPlatforms) = preSolution
		Debug|Any CPU = Debug|Any CPU
		Release|Any CPU = Release|Any CPU
		Staging|Any CPU = Staging|Any CPU
	EndGlobalSection
	GlobalSection(ProjectConfigurationPlatforms) = postSolution
		{C188A45B-368E-43DB-A971-7DB00E73A539}.Debug|Any CPU.ActiveCfg = Debug|Any CPU
		{C188A45B-368E-43DB-A971-7DB00E73A539}.Debug|Any CPU.Build.0 = Debug|Any CPU
		{C188A45B-368E-43DB-A971-7DB00E73A539}.Release|Any CPU.ActiveCfg = Release|Any CPU
		{C188A45B-368E-43DB-A971-7DB00E73A539}.Release|Any CPU.Build.0 = Release|Any CPU
		{C188A45B-368E-43DB-A971-7DB00E73A539}.Staging|Any CPU.ActiveCfg = Release|Any CPU
		{C188A45B-368E-43DB-A971-7DB00E73A539}.Staging|Any CPU.Build.0 = Release|Any CPU
		{47607EA5-4205-4A72-85C3-1FB67FE1E994}.Debug|Any CPU.ActiveCfg = Debug|Any CPU
		{47607EA5-4205-4A72-85C3-1FB67FE1E994}.Debug|Any CPU.Build.0 = Debug|Any CPU
		{47607EA5-4205-4A72-85C3-1FB67FE1E994}.Release|Any CPU.ActiveCfg = Release|Any CPU
		{47607EA5-4205-4A72-85C3-1FB67FE1E994}.Release|Any CPU.Build.0 = Release|Any CPU
		{47607EA5-4205-4A72-85C3-1FB67FE1E994}.Staging|Any CPU.ActiveCfg = Release|Any CPU
		{47607EA5-4205-4A72-85C3-1FB67FE1E994}.Staging|Any CPU.Build.0 = Release|Any CPU
		{70B628CC-DCA7-4965-A23C-B92D68507C9A}.Debug|Any CPU.ActiveCfg = Debug|Any CPU
		{70B628CC-DCA7-4965-A23C-B92D68507C9A}.Debug|Any CPU.Build.0 = Debug|Any CPU
		{70B628CC-DCA7-4965-A23C-B92D68507C9A}.Release|Any CPU.ActiveCfg = Release|Any CPU
		{70B628CC-DCA7-4965-A23C-B92D68507C9A}.Release|Any CPU.Build.0 = Release|Any CPU
		{70B628CC-DCA7-4965-A23C-B92D68507C9A}.Staging|Any CPU.ActiveCfg = Release|Any CPU
		{70B628CC-DCA7-4965-A23C-B92D68507C9A}.Staging|Any CPU.Build.0 = Release|Any CPU
		{285CD6AB-B8CE-4B90-8130-9835B6D69C5E}.Debug|Any CPU.ActiveCfg = Debug|Any CPU
		{285CD6AB-B8CE-4B90-8130-9835B6D69C5E}.Debug|Any CPU.Build.0 = Debug|Any CPU
		{285CD6AB-B8CE-4B90-8130-9835B6D69C5E}.Release|Any CPU.ActiveCfg = Release|Any CPU
		{285CD6AB-B8CE-4B90-8130-9835B6D69C5E}.Release|Any CPU.Build.0 = Release|Any CPU
		{285CD6AB-B8CE-4B90-8130-9835B6D69C5E}.Staging|Any CPU.ActiveCfg = Release|Any CPU
		{285CD6AB-B8CE-4B90-8130-9835B6D69C5E}.Staging|Any CPU.Build.0 = Release|Any CPU
		{30284869-F7E2-48C8-8015-27C4BA56385F}.Debug|Any CPU.ActiveCfg = Debug|Any CPU
		{30284869-F7E2-48C8-8015-27C4BA56385F}.Debug|Any CPU.Build.0 = Debug|Any CPU
		{30284869-F7E2-48C8-8015-27C4BA56385F}.Release|Any CPU.ActiveCfg = Release|Any CPU
		{30284869-F7E2-48C8-8015-27C4BA56385F}.Release|Any CPU.Build.0 = Release|Any CPU
		{30284869-F7E2-48C8-8015-27C4BA56385F}.Staging|Any CPU.ActiveCfg = Staging|Any CPU
		{30284869-F7E2-48C8-8015-27C4BA56385F}.Staging|Any CPU.Build.0 = Staging|Any CPU
		{ECDE2C6C-4510-439B-B948-F6DE5B52A486}.Debug|Any CPU.ActiveCfg = Debug|Any CPU
		{ECDE2C6C-4510-439B-B948-F6DE5B52A486}.Debug|Any CPU.Build.0 = Debug|Any CPU
		{ECDE2C6C-4510-439B-B948-F6DE5B52A486}.Release|Any CPU.ActiveCfg = Release|Any CPU
		{ECDE2C6C-4510-439B-B948-F6DE5B52A486}.Release|Any CPU.Build.0 = Release|Any CPU
		{ECDE2C6C-4510-439B-B948-F6DE5B52A486}.Staging|Any CPU.ActiveCfg = Release|Any CPU
		{ECDE2C6C-4510-439B-B948-F6DE5B52A486}.Staging|Any CPU.Build.0 = Release|Any CPU
		{227DB930-CB32-4967-9812-BC8F8378C102}.Debug|Any CPU.ActiveCfg = Debug|Any CPU
		{227DB930-CB32-4967-9812-BC8F8378C102}.Debug|Any CPU.Build.0 = Debug|Any CPU
		{227DB930-CB32-4967-9812-BC8F8378C102}.Release|Any CPU.ActiveCfg = Release|Any CPU
		{227DB930-CB32-4967-9812-BC8F8378C102}.Release|Any CPU.Build.0 = Release|Any CPU
		{227DB930-CB32-4967-9812-BC8F8378C102}.Staging|Any CPU.ActiveCfg = Release|Any CPU
		{227DB930-CB32-4967-9812-BC8F8378C102}.Staging|Any CPU.Build.0 = Release|Any CPU
		{09BC83BE-7C36-4E69-A9FA-3C4F01402739}.Debug|Any CPU.ActiveCfg = Debug|Any CPU
		{09BC83BE-7C36-4E69-A9FA-3C4F01402739}.Debug|Any CPU.Build.0 = Debug|Any CPU
		{09BC83BE-7C36-4E69-A9FA-3C4F01402739}.Release|Any CPU.ActiveCfg = Release|Any CPU
		{09BC83BE-7C36-4E69-A9FA-3C4F01402739}.Release|Any CPU.Build.0 = Release|Any CPU
		{09BC83BE-7C36-4E69-A9FA-3C4F01402739}.Staging|Any CPU.ActiveCfg = Release|Any CPU
		{09BC83BE-7C36-4E69-A9FA-3C4F01402739}.Staging|Any CPU.Build.0 = Release|Any CPU
	EndGlobalSection
	GlobalSection(SolutionProperties) = preSolution
		HideSolutionNode = FALSE
	EndGlobalSection
EndGlobal
